// !$*UTF8*$!
{
	archiveVersion = 1;
	classes = {
	};
	objectVersion = 46;
	objects = {

/* Begin PBXBuildFile section */
		C41EFE961B513B5A0090A522 /* main.m in Sources */ = {isa = PBXBuildFile; fileRef = C41EFE951B513B5A0090A522 /* main.m */; };
		C41EFE991B513B5A0090A522 /* AppDelegate.m in Sources */ = {isa = PBXBuildFile; fileRef = C41EFE981B513B5A0090A522 /* AppDelegate.m */; settings = {COMPILER_FLAGS = "-fno-objc-arc"; }; };
		C41EFE9C1B513B5A0090A522 /* ViewController.m in Sources */ = {isa = PBXBuildFile; fileRef = C41EFE9B1B513B5A0090A522 /* ViewController.m */; settings = {COMPILER_FLAGS = "-fno-objc-arc"; }; };
		C41EFE9F1B513B5A0090A522 /* Main.storyboard in Resources */ = {isa = PBXBuildFile; fileRef = C41EFE9D1B513B5A0090A522 /* Main.storyboard */; };
		C41EFEA11B513B5A0090A522 /* Images.xcassets in Resources */ = {isa = PBXBuildFile; fileRef = C41EFEA01B513B5A0090A522 /* Images.xcassets */; };
		C41EFEA41B513B5A0090A522 /* LaunchScreen.xib in Resources */ = {isa = PBXBuildFile; fileRef = C41EFEA21B513B5A0090A522 /* LaunchScreen.xib */; };
		C41EFEB01B513B5B0090A522 /* KSKitDemoTests.m in Sources */ = {isa = PBXBuildFile; fileRef = C41EFEAF1B513B5B0090A522 /* KSKitDemoTests.m */; };
		C4C52FF11BA32C7700194888 /* ALImageView.m in Sources */ = {isa = PBXBuildFile; fileRef = C4C52F7D1BA32C7700194888 /* ALImageView.m */; settings = {COMPILER_FLAGS = "-fno-objc-arc"; }; };
		C4C52FFC1BA32C7700194888 /* DateUtil.m in Sources */ = {isa = PBXBuildFile; fileRef = C4C52F991BA32C7700194888 /* DateUtil.m */; settings = {COMPILER_FLAGS = "-fno-objc-arc"; }; };
		C4C52FFE1BA32C7700194888 /* FileManage.m in Sources */ = {isa = PBXBuildFile; fileRef = C4C52FA01BA32C7700194888 /* FileManage.m */; settings = {COMPILER_FLAGS = "-fno-objc-arc"; }; };
		C4C52FFF1BA32C7700194888 /* JSONKit.m in Sources */ = {isa = PBXBuildFile; fileRef = C4C52FA61BA32C7700194888 /* JSONKit.m */; settings = {COMPILER_FLAGS = "-fno-objc-arc"; }; };
		C4C530001BA32C7700194888 /* KSBootstrap.m in Sources */ = {isa = PBXBuildFile; fileRef = C4C52FA91BA32C7700194888 /* KSBootstrap.m */; settings = {COMPILER_FLAGS = "-fno-objc-arc"; }; };
		C4C530021BA32C7700194888 /* KSModelApp.m in Sources */ = {isa = PBXBuildFile; fileRef = C4C52FAE1BA32C7700194888 /* KSModelApp.m */; };
		C4C530031BA32C7700194888 /* KSRoundAndBorderView.m in Sources */ = {isa = PBXBuildFile; fileRef = C4C52FB01BA32C7700194888 /* KSRoundAndBorderView.m */; };
		C4C530041BA32C7700194888 /* KSRoundedView.m in Sources */ = {isa = PBXBuildFile; fileRef = C4C52FB21BA32C7700194888 /* KSRoundedView.m */; };
		C4C530051BA32C7700194888 /* KSSafeCategory.m in Sources */ = {isa = PBXBuildFile; fileRef = C4C52FB41BA32C7700194888 /* KSSafeCategory.m */; settings = {COMPILER_FLAGS = "-fno-objc-arc"; }; };
		C4C5300A1BA32C7700194888 /* NSData+Base64.m in Sources */ = {isa = PBXBuildFile; fileRef = C4C52FBE1BA32C7700194888 /* NSData+Base64.m */; settings = {COMPILER_FLAGS = "-fno-objc-arc"; }; };
		C4C5300B1BA32C7700194888 /* NSDate+Escort.m in Sources */ = {isa = PBXBuildFile; fileRef = C4C52FC01BA32C7700194888 /* NSDate+Escort.m */; settings = {COMPILER_FLAGS = "-fno-objc-arc"; }; };
		C4C5300C1BA32C7700194888 /* NSDateAdditions.m in Sources */ = {isa = PBXBuildFile; fileRef = C4C52FC21BA32C7700194888 /* NSDateAdditions.m */; settings = {COMPILER_FLAGS = "-fno-objc-arc"; }; };
		C4C5300D1BA32C7700194888 /* NSObjectAdditons.m in Sources */ = {isa = PBXBuildFile; fileRef = C4C52FC51BA32C7700194888 /* NSObjectAdditons.m */; settings = {COMPILER_FLAGS = "-fno-objc-arc"; }; };
		C4C5300F1BA32C7700194888 /* NSStringAdditions.m in Sources */ = {isa = PBXBuildFile; fileRef = C4C52FC91BA32C7700194888 /* NSStringAdditions.m */; settings = {COMPILER_FLAGS = "-fno-objc-arc"; }; };
		C4C530101BA32C7700194888 /* Reachability.m in Sources */ = {isa = PBXBuildFile; fileRef = C4C52FCB1BA32C7700194888 /* Reachability.m */; settings = {COMPILER_FLAGS = "-fno-objc-arc"; }; };
		C4C530191BA32C7700194888 /* UIButttonAddition.m in Sources */ = {isa = PBXBuildFile; fileRef = C4C52FDE1BA32C7700194888 /* UIButttonAddition.m */; };
		C4C5301A1BA32C7700194888 /* UIColor+expanded.m in Sources */ = {isa = PBXBuildFile; fileRef = C4C52FE01BA32C7700194888 /* UIColor+expanded.m */; settings = {COMPILER_FLAGS = "-fno-objc-arc"; }; };
		C4C5301B1BA32C7700194888 /* UIColorAdditions.m in Sources */ = {isa = PBXBuildFile; fileRef = C4C52FE21BA32C7700194888 /* UIColorAdditions.m */; settings = {COMPILER_FLAGS = "-fno-objc-arc"; }; };
		C4C5301C1BA32C7700194888 /* UIDeviceAdditions.m in Sources */ = {isa = PBXBuildFile; fileRef = C4C52FE41BA32C7700194888 /* UIDeviceAdditions.m */; settings = {COMPILER_FLAGS = "-fno-objc-arc"; }; };
		C4C5301D1BA32C7700194888 /* UIImageAdditions.m in Sources */ = {isa = PBXBuildFile; fileRef = C4C52FE61BA32C7700194888 /* UIImageAdditions.m */; settings = {COMPILER_FLAGS = "-fno-objc-arc"; }; };
		C4C5301E1BA32C7700194888 /* UIImageEffects.m in Sources */ = {isa = PBXBuildFile; fileRef = C4C52FE81BA32C7700194888 /* UIImageEffects.m */; };
		C4C5301F1BA32C7700194888 /* UILabelAdditions.m in Sources */ = {isa = PBXBuildFile; fileRef = C4C52FEA1BA32C7700194888 /* UILabelAdditions.m */; settings = {COMPILER_FLAGS = "-fno-objc-arc"; }; };
		C4C530201BA32C7700194888 /* UIUtil+KS.m in Sources */ = {isa = PBXBuildFile; fileRef = C4C52FEC1BA32C7700194888 /* UIUtil+KS.m */; settings = {COMPILER_FLAGS = "-fno-objc-arc"; }; };
		C4C530211BA32C7700194888 /* UIViewAdditions.m in Sources */ = {isa = PBXBuildFile; fileRef = C4C52FEE1BA32C7700194888 /* UIViewAdditions.m */; settings = {COMPILER_FLAGS = "-fno-objc-arc"; }; };
/* End PBXBuildFile section */

/* Begin PBXContainerItemProxy section */
		C41EFEAA1B513B5B0090A522 /* PBXContainerItemProxy */ = {
			isa = PBXContainerItemProxy;
			containerPortal = C41EFE881B513B5A0090A522 /* Project object */;
			proxyType = 1;
			remoteGlobalIDString = C41EFE8F1B513B5A0090A522;
			remoteInfo = KSKitDemo;
		};
/* End PBXContainerItemProxy section */

/* Begin PBXFileReference section */
		C41EFE901B513B5A0090A522 /* KSKitDemo.app */ = {isa = PBXFileReference; explicitFileType = wrapper.application; includeInIndex = 0; path = KSKitDemo.app; sourceTree = BUILT_PRODUCTS_DIR; };
		C41EFE941B513B5A0090A522 /* Info.plist */ = {isa = PBXFileReference; lastKnownFileType = text.plist.xml; path = Info.plist; sourceTree = "<group>"; };
		C41EFE951B513B5A0090A522 /* main.m */ = {isa = PBXFileReference; lastKnownFileType = sourcecode.c.objc; path = main.m; sourceTree = "<group>"; };
		C41EFE971B513B5A0090A522 /* AppDelegate.h */ = {isa = PBXFileReference; lastKnownFileType = sourcecode.c.h; path = AppDelegate.h; sourceTree = "<group>"; };
		C41EFE981B513B5A0090A522 /* AppDelegate.m */ = {isa = PBXFileReference; lastKnownFileType = sourcecode.c.objc; path = AppDelegate.m; sourceTree = "<group>"; };
		C41EFE9A1B513B5A0090A522 /* ViewController.h */ = {isa = PBXFileReference; lastKnownFileType = sourcecode.c.h; path = ViewController.h; sourceTree = "<group>"; };
		C41EFE9B1B513B5A0090A522 /* ViewController.m */ = {isa = PBXFileReference; lastKnownFileType = sourcecode.c.objc; path = ViewController.m; sourceTree = "<group>"; };
		C41EFE9E1B513B5A0090A522 /* Base */ = {isa = PBXFileReference; lastKnownFileType = file.storyboard; name = Base; path = Base.lproj/Main.storyboard; sourceTree = "<group>"; };
		C41EFEA01B513B5A0090A522 /* Images.xcassets */ = {isa = PBXFileReference; lastKnownFileType = folder.assetcatalog; path = Images.xcassets; sourceTree = "<group>"; };
		C41EFEA31B513B5A0090A522 /* Base */ = {isa = PBXFileReference; lastKnownFileType = file.xib; name = Base; path = Base.lproj/LaunchScreen.xib; sourceTree = "<group>"; };
		C41EFEA91B513B5B0090A522 /* KSKitDemoTests.xctest */ = {isa = PBXFileReference; explicitFileType = wrapper.cfbundle; includeInIndex = 0; path = KSKitDemoTests.xctest; sourceTree = BUILT_PRODUCTS_DIR; };
		C41EFEAE1B513B5B0090A522 /* Info.plist */ = {isa = PBXFileReference; lastKnownFileType = text.plist.xml; path = Info.plist; sourceTree = "<group>"; };
		C41EFEAF1B513B5B0090A522 /* KSKitDemoTests.m */ = {isa = PBXFileReference; lastKnownFileType = sourcecode.c.objc; path = KSKitDemoTests.m; sourceTree = "<group>"; };
		C4C52F7C1BA32C7700194888 /* ALImageView.h */ = {isa = PBXFileReference; fileEncoding = 4; lastKnownFileType = sourcecode.c.h; path = ALImageView.h; sourceTree = "<group>"; };
		C4C52F7D1BA32C7700194888 /* ALImageView.m */ = {isa = PBXFileReference; fileEncoding = 4; lastKnownFileType = sourcecode.c.objc; path = ALImageView.m; sourceTree = "<group>"; };
		C4C52F981BA32C7700194888 /* DateUtil.h */ = {isa = PBXFileReference; fileEncoding = 4; lastKnownFileType = sourcecode.c.h; path = DateUtil.h; sourceTree = "<group>"; };
		C4C52F991BA32C7700194888 /* DateUtil.m */ = {isa = PBXFileReference; fileEncoding = 4; lastKnownFileType = sourcecode.c.objc; path = DateUtil.m; sourceTree = "<group>"; };
		C4C52F9F1BA32C7700194888 /* FileManage.h */ = {isa = PBXFileReference; fileEncoding = 4; lastKnownFileType = sourcecode.c.h; path = FileManage.h; sourceTree = "<group>"; };
		C4C52FA01BA32C7700194888 /* FileManage.m */ = {isa = PBXFileReference; fileEncoding = 4; lastKnownFileType = sourcecode.c.objc; path = FileManage.m; sourceTree = "<group>"; };
		C4C52FA51BA32C7700194888 /* JSONKit.h */ = {isa = PBXFileReference; fileEncoding = 4; lastKnownFileType = sourcecode.c.h; path = JSONKit.h; sourceTree = "<group>"; };
		C4C52FA61BA32C7700194888 /* JSONKit.m */ = {isa = PBXFileReference; fileEncoding = 4; lastKnownFileType = sourcecode.c.objc; path = JSONKit.m; sourceTree = "<group>"; };
		C4C52FA71BA32C7700194888 /* KSApp-Prefix.pch */ = {isa = PBXFileReference; fileEncoding = 4; lastKnownFileType = sourcecode.c.h; path = "KSApp-Prefix.pch"; sourceTree = "<group>"; };
		C4C52FA81BA32C7700194888 /* KSBootstrap.h */ = {isa = PBXFileReference; fileEncoding = 4; lastKnownFileType = sourcecode.c.h; path = KSBootstrap.h; sourceTree = "<group>"; };
		C4C52FA91BA32C7700194888 /* KSBootstrap.m */ = {isa = PBXFileReference; fileEncoding = 4; lastKnownFileType = sourcecode.c.objc; path = KSBootstrap.m; sourceTree = "<group>"; };
		C4C52FAA1BA32C7700194888 /* KSKit.h */ = {isa = PBXFileReference; fileEncoding = 4; lastKnownFileType = sourcecode.c.h; path = KSKit.h; sourceTree = "<group>"; };
		C4C52FAD1BA32C7700194888 /* KSModelApp.h */ = {isa = PBXFileReference; fileEncoding = 4; lastKnownFileType = sourcecode.c.h; path = KSModelApp.h; sourceTree = "<group>"; };
		C4C52FAE1BA32C7700194888 /* KSModelApp.m */ = {isa = PBXFileReference; fileEncoding = 4; lastKnownFileType = sourcecode.c.objc; path = KSModelApp.m; sourceTree = "<group>"; };
		C4C52FAF1BA32C7700194888 /* KSRoundAndBorderView.h */ = {isa = PBXFileReference; fileEncoding = 4; lastKnownFileType = sourcecode.c.h; path = KSRoundAndBorderView.h; sourceTree = "<group>"; };
		C4C52FB01BA32C7700194888 /* KSRoundAndBorderView.m */ = {isa = PBXFileReference; fileEncoding = 4; lastKnownFileType = sourcecode.c.objc; path = KSRoundAndBorderView.m; sourceTree = "<group>"; };
		C4C52FB11BA32C7700194888 /* KSRoundedView.h */ = {isa = PBXFileReference; fileEncoding = 4; lastKnownFileType = sourcecode.c.h; path = KSRoundedView.h; sourceTree = "<group>"; };
		C4C52FB21BA32C7700194888 /* KSRoundedView.m */ = {isa = PBXFileReference; fileEncoding = 4; lastKnownFileType = sourcecode.c.objc; path = KSRoundedView.m; sourceTree = "<group>"; };
		C4C52FB31BA32C7700194888 /* KSSafeCategory.h */ = {isa = PBXFileReference; fileEncoding = 4; lastKnownFileType = sourcecode.c.h; path = KSSafeCategory.h; sourceTree = "<group>"; };
		C4C52FB41BA32C7700194888 /* KSSafeCategory.m */ = {isa = PBXFileReference; fileEncoding = 4; lastKnownFileType = sourcecode.c.objc; path = KSSafeCategory.m; sourceTree = "<group>"; };
		C4C52FBD1BA32C7700194888 /* NSData+Base64.h */ = {isa = PBXFileReference; fileEncoding = 4; lastKnownFileType = sourcecode.c.h; path = "NSData+Base64.h"; sourceTree = "<group>"; };
		C4C52FBE1BA32C7700194888 /* NSData+Base64.m */ = {isa = PBXFileReference; fileEncoding = 4; lastKnownFileType = sourcecode.c.objc; path = "NSData+Base64.m"; sourceTree = "<group>"; };
		C4C52FBF1BA32C7700194888 /* NSDate+Escort.h */ = {isa = PBXFileReference; fileEncoding = 4; lastKnownFileType = sourcecode.c.h; path = "NSDate+Escort.h"; sourceTree = "<group>"; };
		C4C52FC01BA32C7700194888 /* NSDate+Escort.m */ = {isa = PBXFileReference; fileEncoding = 4; lastKnownFileType = sourcecode.c.objc; path = "NSDate+Escort.m"; sourceTree = "<group>"; };
		C4C52FC11BA32C7700194888 /* NSDateAdditions.h */ = {isa = PBXFileReference; fileEncoding = 4; lastKnownFileType = sourcecode.c.h; path = NSDateAdditions.h; sourceTree = "<group>"; };
		C4C52FC21BA32C7700194888 /* NSDateAdditions.m */ = {isa = PBXFileReference; fileEncoding = 4; lastKnownFileType = sourcecode.c.objc; path = NSDateAdditions.m; sourceTree = "<group>"; };
		C4C52FC41BA32C7700194888 /* NSObjectAdditons.h */ = {isa = PBXFileReference; fileEncoding = 4; lastKnownFileType = sourcecode.c.h; path = NSObjectAdditons.h; sourceTree = "<group>"; };
		C4C52FC51BA32C7700194888 /* NSObjectAdditons.m */ = {isa = PBXFileReference; fileEncoding = 4; lastKnownFileType = sourcecode.c.objc; path = NSObjectAdditons.m; sourceTree = "<group>"; };
		C4C52FC81BA32C7700194888 /* NSStringAdditions.h */ = {isa = PBXFileReference; fileEncoding = 4; lastKnownFileType = sourcecode.c.h; path = NSStringAdditions.h; sourceTree = "<group>"; };
		C4C52FC91BA32C7700194888 /* NSStringAdditions.m */ = {isa = PBXFileReference; fileEncoding = 4; lastKnownFileType = sourcecode.c.objc; path = NSStringAdditions.m; sourceTree = "<group>"; };
		C4C52FCA1BA32C7700194888 /* Reachability.h */ = {isa = PBXFileReference; fileEncoding = 4; lastKnownFileType = sourcecode.c.h; path = Reachability.h; sourceTree = "<group>"; };
		C4C52FCB1BA32C7700194888 /* Reachability.m */ = {isa = PBXFileReference; fileEncoding = 4; lastKnownFileType = sourcecode.c.objc; path = Reachability.m; sourceTree = "<group>"; };
		C4C52FDD1BA32C7700194888 /* UIButttonAddition.h */ = {isa = PBXFileReference; fileEncoding = 4; lastKnownFileType = sourcecode.c.h; path = UIButttonAddition.h; sourceTree = "<group>"; };
		C4C52FDE1BA32C7700194888 /* UIButttonAddition.m */ = {isa = PBXFileReference; fileEncoding = 4; lastKnownFileType = sourcecode.c.objc; path = UIButttonAddition.m; sourceTree = "<group>"; };
		C4C52FDF1BA32C7700194888 /* UIColor+expanded.h */ = {isa = PBXFileReference; fileEncoding = 4; lastKnownFileType = sourcecode.c.h; path = "UIColor+expanded.h"; sourceTree = "<group>"; };
		C4C52FE01BA32C7700194888 /* UIColor+expanded.m */ = {isa = PBXFileReference; fileEncoding = 4; lastKnownFileType = sourcecode.c.objc; path = "UIColor+expanded.m"; sourceTree = "<group>"; };
		C4C52FE11BA32C7700194888 /* UIColorAdditions.h */ = {isa = PBXFileReference; fileEncoding = 4; lastKnownFileType = sourcecode.c.h; path = UIColorAdditions.h; sourceTree = "<group>"; };
		C4C52FE21BA32C7700194888 /* UIColorAdditions.m */ = {isa = PBXFileReference; fileEncoding = 4; lastKnownFileType = sourcecode.c.objc; path = UIColorAdditions.m; sourceTree = "<group>"; };
		C4C52FE31BA32C7700194888 /* UIDeviceAdditions.h */ = {isa = PBXFileReference; fileEncoding = 4; lastKnownFileType = sourcecode.c.h; path = UIDeviceAdditions.h; sourceTree = "<group>"; };
		C4C52FE41BA32C7700194888 /* UIDeviceAdditions.m */ = {isa = PBXFileReference; fileEncoding = 4; lastKnownFileType = sourcecode.c.objc; path = UIDeviceAdditions.m; sourceTree = "<group>"; };
		C4C52FE51BA32C7700194888 /* UIImageAdditions.h */ = {isa = PBXFileReference; fileEncoding = 4; lastKnownFileType = sourcecode.c.h; path = UIImageAdditions.h; sourceTree = "<group>"; };
		C4C52FE61BA32C7700194888 /* UIImageAdditions.m */ = {isa = PBXFileReference; fileEncoding = 4; lastKnownFileType = sourcecode.c.objc; path = UIImageAdditions.m; sourceTree = "<group>"; };
		C4C52FE71BA32C7700194888 /* UIImageEffects.h */ = {isa = PBXFileReference; fileEncoding = 4; lastKnownFileType = sourcecode.c.h; path = UIImageEffects.h; sourceTree = "<group>"; };
		C4C52FE81BA32C7700194888 /* UIImageEffects.m */ = {isa = PBXFileReference; fileEncoding = 4; lastKnownFileType = sourcecode.c.objc; path = UIImageEffects.m; sourceTree = "<group>"; };
		C4C52FE91BA32C7700194888 /* UILabelAdditions.h */ = {isa = PBXFileReference; fileEncoding = 4; lastKnownFileType = sourcecode.c.h; path = UILabelAdditions.h; sourceTree = "<group>"; };
		C4C52FEA1BA32C7700194888 /* UILabelAdditions.m */ = {isa = PBXFileReference; fileEncoding = 4; lastKnownFileType = sourcecode.c.objc; path = UILabelAdditions.m; sourceTree = "<group>"; };
		C4C52FEB1BA32C7700194888 /* UIUtil+KS.h */ = {isa = PBXFileReference; fileEncoding = 4; lastKnownFileType = sourcecode.c.h; path = "UIUtil+KS.h"; sourceTree = "<group>"; };
		C4C52FEC1BA32C7700194888 /* UIUtil+KS.m */ = {isa = PBXFileReference; fileEncoding = 4; lastKnownFileType = sourcecode.c.objc; path = "UIUtil+KS.m"; sourceTree = "<group>"; };
		C4C52FED1BA32C7700194888 /* UIViewAdditions.h */ = {isa = PBXFileReference; fileEncoding = 4; lastKnownFileType = sourcecode.c.h; path = UIViewAdditions.h; sourceTree = "<group>"; };
		C4C52FEE1BA32C7700194888 /* UIViewAdditions.m */ = {isa = PBXFileReference; fileEncoding = 4; lastKnownFileType = sourcecode.c.objc; path = UIViewAdditions.m; sourceTree = "<group>"; };
/* End PBXFileReference section */

/* Begin PBXFrameworksBuildPhase section */
		C41EFE8D1B513B5A0090A522 /* Frameworks */ = {
			isa = PBXFrameworksBuildPhase;
			buildActionMask = 2147483647;
			files = (
			);
			runOnlyForDeploymentPostprocessing = 0;
		};
		C41EFEA61B513B5B0090A522 /* Frameworks */ = {
			isa = PBXFrameworksBuildPhase;
			buildActionMask = 2147483647;
			files = (
			);
			runOnlyForDeploymentPostprocessing = 0;
		};
/* End PBXFrameworksBuildPhase section */

/* Begin PBXGroup section */
		C41E866F1B5144760031C166 /* KSUIKit */ = {
			isa = PBXGroup;
			children = (
				C4C52F7C1BA32C7700194888 /* ALImageView.h */,
				C4C52F7D1BA32C7700194888 /* ALImageView.m */,
				C4C52F981BA32C7700194888 /* DateUtil.h */,
				C4C52F991BA32C7700194888 /* DateUtil.m */,
				C4C52F9F1BA32C7700194888 /* FileManage.h */,
				C4C52FA01BA32C7700194888 /* FileManage.m */,
				C4C52FA51BA32C7700194888 /* JSONKit.h */,
				C4C52FA61BA32C7700194888 /* JSONKit.m */,
				C4C52FA71BA32C7700194888 /* KSApp-Prefix.pch */,
				C4C52FA81BA32C7700194888 /* KSBootstrap.h */,
				C4C52FA91BA32C7700194888 /* KSBootstrap.m */,
				C4C52FAA1BA32C7700194888 /* KSKit.h */,
				C4C52FAD1BA32C7700194888 /* KSModelApp.h */,
				C4C52FAE1BA32C7700194888 /* KSModelApp.m */,
				C4C52FAF1BA32C7700194888 /* KSRoundAndBorderView.h */,
				C4C52FB01BA32C7700194888 /* KSRoundAndBorderView.m */,
				C4C52FB11BA32C7700194888 /* KSRoundedView.h */,
				C4C52FB21BA32C7700194888 /* KSRoundedView.m */,
				C4C52FB31BA32C7700194888 /* KSSafeCategory.h */,
				C4C52FB41BA32C7700194888 /* KSSafeCategory.m */,
				C4C52FBD1BA32C7700194888 /* NSData+Base64.h */,
				C4C52FBE1BA32C7700194888 /* NSData+Base64.m */,
				C4C52FBF1BA32C7700194888 /* NSDate+Escort.h */,
				C4C52FC01BA32C7700194888 /* NSDate+Escort.m */,
				C4C52FC11BA32C7700194888 /* NSDateAdditions.h */,
				C4C52FC21BA32C7700194888 /* NSDateAdditions.m */,
				C4C52FC41BA32C7700194888 /* NSObjectAdditons.h */,
				C4C52FC51BA32C7700194888 /* NSObjectAdditons.m */,
				C4C52FC81BA32C7700194888 /* NSStringAdditions.h */,
				C4C52FC91BA32C7700194888 /* NSStringAdditions.m */,
				C4C52FCA1BA32C7700194888 /* Reachability.h */,
				C4C52FCB1BA32C7700194888 /* Reachability.m */,
				C4C52FDD1BA32C7700194888 /* UIButttonAddition.h */,
				C4C52FDE1BA32C7700194888 /* UIButttonAddition.m */,
				C4C52FDF1BA32C7700194888 /* UIColor+expanded.h */,
				C4C52FE01BA32C7700194888 /* UIColor+expanded.m */,
				C4C52FE11BA32C7700194888 /* UIColorAdditions.h */,
				C4C52FE21BA32C7700194888 /* UIColorAdditions.m */,
				C4C52FE31BA32C7700194888 /* UIDeviceAdditions.h */,
				C4C52FE41BA32C7700194888 /* UIDeviceAdditions.m */,
				C4C52FE51BA32C7700194888 /* UIImageAdditions.h */,
				C4C52FE61BA32C7700194888 /* UIImageAdditions.m */,
				C4C52FE71BA32C7700194888 /* UIImageEffects.h */,
				C4C52FE81BA32C7700194888 /* UIImageEffects.m */,
				C4C52FE91BA32C7700194888 /* UILabelAdditions.h */,
				C4C52FEA1BA32C7700194888 /* UILabelAdditions.m */,
				C4C52FEB1BA32C7700194888 /* UIUtil+KS.h */,
				C4C52FEC1BA32C7700194888 /* UIUtil+KS.m */,
				C4C52FED1BA32C7700194888 /* UIViewAdditions.h */,
				C4C52FEE1BA32C7700194888 /* UIViewAdditions.m */,
			);
			path = KSUIKit;
			sourceTree = "<group>";
		};
		C41EFE871B513B5A0090A522 = {
			isa = PBXGroup;
			children = (
				C41E866F1B5144760031C166 /* KSUIKit */,
				C41EFE921B513B5A0090A522 /* KSKitDemo */,
				C41EFEAC1B513B5B0090A522 /* KSKitDemoTests */,
				C41EFE911B513B5A0090A522 /* Products */,
			);
			sourceTree = "<group>";
		};
		C41EFE911B513B5A0090A522 /* Products */ = {
			isa = PBXGroup;
			children = (
				C41EFE901B513B5A0090A522 /* KSKitDemo.app */,
				C41EFEA91B513B5B0090A522 /* KSKitDemoTests.xctest */,
			);
			name = Products;
			sourceTree = "<group>";
		};
		C41EFE921B513B5A0090A522 /* KSKitDemo */ = {
			isa = PBXGroup;
			children = (
				C41EFE971B513B5A0090A522 /* AppDelegate.h */,
				C41EFE981B513B5A0090A522 /* AppDelegate.m */,
				C41EFE9A1B513B5A0090A522 /* ViewController.h */,
				C41EFE9B1B513B5A0090A522 /* ViewController.m */,
				C41EFE9D1B513B5A0090A522 /* Main.storyboard */,
				C41EFEA01B513B5A0090A522 /* Images.xcassets */,
				C41EFEA21B513B5A0090A522 /* LaunchScreen.xib */,
				C41EFE931B513B5A0090A522 /* Supporting Files */,
			);
			path = KSKitDemo;
			sourceTree = "<group>";
		};
		C41EFE931B513B5A0090A522 /* Supporting Files */ = {
			isa = PBXGroup;
			children = (
				C41EFE941B513B5A0090A522 /* Info.plist */,
				C41EFE951B513B5A0090A522 /* main.m */,
			);
			name = "Supporting Files";
			sourceTree = "<group>";
		};
		C41EFEAC1B513B5B0090A522 /* KSKitDemoTests */ = {
			isa = PBXGroup;
			children = (
				C41EFEAF1B513B5B0090A522 /* KSKitDemoTests.m */,
				C41EFEAD1B513B5B0090A522 /* Supporting Files */,
			);
			path = KSKitDemoTests;
			sourceTree = "<group>";
		};
		C41EFEAD1B513B5B0090A522 /* Supporting Files */ = {
			isa = PBXGroup;
			children = (
				C41EFEAE1B513B5B0090A522 /* Info.plist */,
			);
			name = "Supporting Files";
			sourceTree = "<group>";
		};
/* End PBXGroup section */

/* Begin PBXNativeTarget section */
		C41EFE8F1B513B5A0090A522 /* KSKitDemo */ = {
			isa = PBXNativeTarget;
			buildConfigurationList = C41EFEB31B513B5B0090A522 /* Build configuration list for PBXNativeTarget "KSKitDemo" */;
			buildPhases = (
				C41EFE8C1B513B5A0090A522 /* Sources */,
				C41EFE8D1B513B5A0090A522 /* Frameworks */,
				C41EFE8E1B513B5A0090A522 /* Resources */,
			);
			buildRules = (
			);
			dependencies = (
			);
			name = KSKitDemo;
			productName = KSKitDemo;
			productReference = C41EFE901B513B5A0090A522 /* KSKitDemo.app */;
			productType = "com.apple.product-type.application";
		};
		C41EFEA81B513B5B0090A522 /* KSKitDemoTests */ = {
			isa = PBXNativeTarget;
			buildConfigurationList = C41EFEB61B513B5B0090A522 /* Build configuration list for PBXNativeTarget "KSKitDemoTests" */;
			buildPhases = (
				C41EFEA51B513B5B0090A522 /* Sources */,
				C41EFEA61B513B5B0090A522 /* Frameworks */,
				C41EFEA71B513B5B0090A522 /* Resources */,
			);
			buildRules = (
			);
			dependencies = (
				C41EFEAB1B513B5B0090A522 /* PBXTargetDependency */,
			);
			name = KSKitDemoTests;
			productName = KSKitDemoTests;
			productReference = C41EFEA91B513B5B0090A522 /* KSKitDemoTests.xctest */;
			productType = "com.apple.product-type.bundle.unit-test";
		};
/* End PBXNativeTarget section */

/* Begin PBXProject section */
		C41EFE881B513B5A0090A522 /* Project object */ = {
			isa = PBXProject;
			attributes = {
				LastUpgradeCheck = 0630;
				ORGANIZATIONNAME = jerry;
				TargetAttributes = {
					C41EFE8F1B513B5A0090A522 = {
						CreatedOnToolsVersion = 6.3.2;
					};
					C41EFEA81B513B5B0090A522 = {
						CreatedOnToolsVersion = 6.3.2;
						TestTargetID = C41EFE8F1B513B5A0090A522;
					};
				};
			};
			buildConfigurationList = C41EFE8B1B513B5A0090A522 /* Build configuration list for PBXProject "KSKitDemo" */;
			compatibilityVersion = "Xcode 3.2";
			developmentRegion = English;
			hasScannedForEncodings = 0;
			knownRegions = (
				en,
				Base,
			);
			mainGroup = C41EFE871B513B5A0090A522;
			productRefGroup = C41EFE911B513B5A0090A522 /* Products */;
			projectDirPath = "";
			projectRoot = "";
			targets = (
				C41EFE8F1B513B5A0090A522 /* KSKitDemo */,
				C41EFEA81B513B5B0090A522 /* KSKitDemoTests */,
			);
		};
/* End PBXProject section */

/* Begin PBXResourcesBuildPhase section */
		C41EFE8E1B513B5A0090A522 /* Resources */ = {
			isa = PBXResourcesBuildPhase;
			buildActionMask = 2147483647;
			files = (
				C41EFE9F1B513B5A0090A522 /* Main.storyboard in Resources */,
				C41EFEA41B513B5A0090A522 /* LaunchScreen.xib in Resources */,
				C41EFEA11B513B5A0090A522 /* Images.xcassets in Resources */,
			);
			runOnlyForDeploymentPostprocessing = 0;
		};
		C41EFEA71B513B5B0090A522 /* Resources */ = {
			isa = PBXResourcesBuildPhase;
			buildActionMask = 2147483647;
			files = (
			);
			runOnlyForDeploymentPostprocessing = 0;
		};
/* End PBXResourcesBuildPhase section */

/* Begin PBXSourcesBuildPhase section */
		C41EFE8C1B513B5A0090A522 /* Sources */ = {
			isa = PBXSourcesBuildPhase;
			buildActionMask = 2147483647;
			files = (
				C4C5301F1BA32C7700194888 /* UILabelAdditions.m in Sources */,
				C4C5300B1BA32C7700194888 /* NSDate+Escort.m in Sources */,
				C4C5301A1BA32C7700194888 /* UIColor+expanded.m in Sources */,
				C4C530031BA32C7700194888 /* KSRoundAndBorderView.m in Sources */,
				C41EFE9C1B513B5A0090A522 /* ViewController.m in Sources */,
				C4C52FFF1BA32C7700194888 /* JSONKit.m in Sources */,
				C4C530021BA32C7700194888 /* KSModelApp.m in Sources */,
				C4C5300F1BA32C7700194888 /* NSStringAdditions.m in Sources */,
				C41EFE991B513B5A0090A522 /* AppDelegate.m in Sources */,
				C4C530051BA32C7700194888 /* KSSafeCategory.m in Sources */,
				C4C530191BA32C7700194888 /* UIButttonAddition.m in Sources */,
				C4C5301D1BA32C7700194888 /* UIImageAdditions.m in Sources */,
				C4C530211BA32C7700194888 /* UIViewAdditions.m in Sources */,
				C4C530201BA32C7700194888 /* UIUtil+KS.m in Sources */,
				C4C52FFE1BA32C7700194888 /* FileManage.m in Sources */,
				C4C530041BA32C7700194888 /* KSRoundedView.m in Sources */,
				C4C5300C1BA32C7700194888 /* NSDateAdditions.m in Sources */,
				C4C530101BA32C7700194888 /* Reachability.m in Sources */,
				C4C5301B1BA32C7700194888 /* UIColorAdditions.m in Sources */,
				C4C5300D1BA32C7700194888 /* NSObjectAdditons.m in Sources */,
				C4C52FFC1BA32C7700194888 /* DateUtil.m in Sources */,
				C4C5300A1BA32C7700194888 /* NSData+Base64.m in Sources */,
				C41EFE961B513B5A0090A522 /* main.m in Sources */,
				C4C5301C1BA32C7700194888 /* UIDeviceAdditions.m in Sources */,
				C4C530001BA32C7700194888 /* KSBootstrap.m in Sources */,
				C4C5301E1BA32C7700194888 /* UIImageEffects.m in Sources */,
				C4C52FF11BA32C7700194888 /* ALImageView.m in Sources */,
			);
			runOnlyForDeploymentPostprocessing = 0;
		};
		C41EFEA51B513B5B0090A522 /* Sources */ = {
			isa = PBXSourcesBuildPhase;
			buildActionMask = 2147483647;
			files = (
				C41EFEB01B513B5B0090A522 /* KSKitDemoTests.m in Sources */,
			);
			runOnlyForDeploymentPostprocessing = 0;
		};
/* End PBXSourcesBuildPhase section */

/* Begin PBXTargetDependency section */
		C41EFEAB1B513B5B0090A522 /* PBXTargetDependency */ = {
			isa = PBXTargetDependency;
			target = C41EFE8F1B513B5A0090A522 /* KSKitDemo */;
			targetProxy = C41EFEAA1B513B5B0090A522 /* PBXContainerItemProxy */;
		};
/* End PBXTargetDependency section */

/* Begin PBXVariantGroup section */
		C41EFE9D1B513B5A0090A522 /* Main.storyboard */ = {
			isa = PBXVariantGroup;
			children = (
				C41EFE9E1B513B5A0090A522 /* Base */,
			);
			name = Main.storyboard;
			sourceTree = "<group>";
		};
		C41EFEA21B513B5A0090A522 /* LaunchScreen.xib */ = {
			isa = PBXVariantGroup;
			children = (
				C41EFEA31B513B5A0090A522 /* Base */,
			);
			name = LaunchScreen.xib;
			sourceTree = "<group>";
		};
/* End PBXVariantGroup section */

/* Begin XCBuildConfiguration section */
		C41EFEB11B513B5B0090A522 /* Debug */ = {
			isa = XCBuildConfiguration;
			buildSettings = {
				ALWAYS_SEARCH_USER_PATHS = NO;
				CLANG_CXX_LANGUAGE_STANDARD = "gnu++0x";
				CLANG_CXX_LIBRARY = "libc++";
				CLANG_ENABLE_MODULES = YES;
				CLANG_ENABLE_OBJC_ARC = YES;
				CLANG_WARN_BOOL_CONVERSION = YES;
				CLANG_WARN_CONSTANT_CONVERSION = YES;
				CLANG_WARN_DIRECT_OBJC_ISA_USAGE = YES_ERROR;
				CLANG_WARN_EMPTY_BODY = YES;
				CLANG_WARN_ENUM_CONVERSION = YES;
				CLANG_WARN_INT_CONVERSION = YES;
				CLANG_WARN_OBJC_ROOT_CLASS = YES_ERROR;
				CLANG_WARN_UNREACHABLE_CODE = YES;
				CLANG_WARN__DUPLICATE_METHOD_MATCH = YES;
				"CODE_SIGN_IDENTITY[sdk=iphoneos*]" = "iPhone Developer";
				COPY_PHASE_STRIP = NO;
				DEBUG_INFORMATION_FORMAT = "dwarf-with-dsym";
				ENABLE_STRICT_OBJC_MSGSEND = YES;
				GCC_C_LANGUAGE_STANDARD = gnu99;
				GCC_DYNAMIC_NO_PIC = NO;
				GCC_NO_COMMON_BLOCKS = YES;
				GCC_OPTIMIZATION_LEVEL = 0;
				GCC_PREPROCESSOR_DEFINITIONS = (
					"DEBUG=1",
					"$(inherited)",
				);
				GCC_SYMBOLS_PRIVATE_EXTERN = NO;
				GCC_WARN_64_TO_32_BIT_CONVERSION = YES;
				GCC_WARN_ABOUT_RETURN_TYPE = YES_ERROR;
				GCC_WARN_UNDECLARED_SELECTOR = YES;
				GCC_WARN_UNINITIALIZED_AUTOS = YES_AGGRESSIVE;
				GCC_WARN_UNUSED_FUNCTION = YES;
				GCC_WARN_UNUSED_VARIABLE = YES;
				IPHONEOS_DEPLOYMENT_TARGET = 8.3;
				MTL_ENABLE_DEBUG_INFO = YES;
				ONLY_ACTIVE_ARCH = YES;
				SDKROOT = iphoneos;
				TARGETED_DEVICE_FAMILY = "1,2";
			};
			name = Debug;
		};
		C41EFEB21B513B5B0090A522 /* Release */ = {
			isa = XCBuildConfiguration;
			buildSettings = {
				ALWAYS_SEARCH_USER_PATHS = NO;
				CLANG_CXX_LANGUAGE_STANDARD = "gnu++0x";
				CLANG_CXX_LIBRARY = "libc++";
				CLANG_ENABLE_MODULES = YES;
				CLANG_ENABLE_OBJC_ARC = YES;
				CLANG_WARN_BOOL_CONVERSION = YES;
				CLANG_WARN_CONSTANT_CONVERSION = YES;
				CLANG_WARN_DIRECT_OBJC_ISA_USAGE = YES_ERROR;
				CLANG_WARN_EMPTY_BODY = YES;
				CLANG_WARN_ENUM_CONVERSION = YES;
				CLANG_WARN_INT_CONVERSION = YES;
				CLANG_WARN_OBJC_ROOT_CLASS = YES_ERROR;
				CLANG_WARN_UNREACHABLE_CODE = YES;
				CLANG_WARN__DUPLICATE_METHOD_MATCH = YES;
				"CODE_SIGN_IDENTITY[sdk=iphoneos*]" = "iPhone Developer";
				COPY_PHASE_STRIP = NO;
				DEBUG_INFORMATION_FORMAT = "dwarf-with-dsym";
				ENABLE_NS_ASSERTIONS = NO;
				ENABLE_STRICT_OBJC_MSGSEND = YES;
				GCC_C_LANGUAGE_STANDARD = gnu99;
				GCC_NO_COMMON_BLOCKS = YES;
				GCC_WARN_64_TO_32_BIT_CONVERSION = YES;
				GCC_WARN_ABOUT_RETURN_TYPE = YES_ERROR;
				GCC_WARN_UNDECLARED_SELECTOR = YES;
				GCC_WARN_UNINITIALIZED_AUTOS = YES_AGGRESSIVE;
				GCC_WARN_UNUSED_FUNCTION = YES;
				GCC_WARN_UNUSED_VARIABLE = YES;
				IPHONEOS_DEPLOYMENT_TARGET = 8.3;
				MTL_ENABLE_DEBUG_INFO = NO;
				SDKROOT = iphoneos;
				TARGETED_DEVICE_FAMILY = "1,2";
				VALIDATE_PRODUCT = YES;
			};
			name = Release;
		};
		C41EFEB41B513B5B0090A522 /* Debug */ = {
			isa = XCBuildConfiguration;
			buildSettings = {
				ASSETCATALOG_COMPILER_APPICON_NAME = AppIcon;
				CLANG_ENABLE_OBJC_ARC = YES;
				INFOPLIST_FILE = KSKitDemo/Info.plist;
				LD_RUNPATH_SEARCH_PATHS = "$(inherited) @executable_path/Frameworks";
				PRODUCT_NAME = "$(TARGET_NAME)";
			};
			name = Debug;
		};
		C41EFEB51B513B5B0090A522 /* Release */ = {
			isa = XCBuildConfiguration;
			buildSettings = {
				ASSETCATALOG_COMPILER_APPICON_NAME = AppIcon;
				CLANG_ENABLE_OBJC_ARC = YES;
				INFOPLIST_FILE = KSKitDemo/Info.plist;
				LD_RUNPATH_SEARCH_PATHS = "$(inherited) @executable_path/Frameworks";
				PRODUCT_NAME = "$(TARGET_NAME)";
			};
			name = Release;
		};
		C41EFEB71B513B5B0090A522 /* Debug */ = {
			isa = XCBuildConfiguration;
			buildSettings = {
				BUNDLE_LOADER = "$(TEST_HOST)";
				FRAMEWORK_SEARCH_PATHS = (
					"$(SDKROOT)/Developer/Library/Frameworks",
					"$(inherited)",
				);
				GCC_PREPROCESSOR_DEFINITIONS = (
					"DEBUG=1",
					"$(inherited)",
				);
				INFOPLIST_FILE = KSKitDemoTests/Info.plist;
				LD_RUNPATH_SEARCH_PATHS = "$(inherited) @executable_path/Frameworks @loader_path/Frameworks";
				PRODUCT_NAME = "$(TARGET_NAME)";
				TEST_HOST = "$(BUILT_PRODUCTS_DIR)/KSKitDemo.app/KSKitDemo";
			};
			name = Debug;
		};
		C41EFEB81B513B5B0090A522 /* Release */ = {
			isa = XCBuildConfiguration;
			buildSettings = {
				BUNDLE_LOADER = "$(TEST_HOST)";
				FRAMEWORK_SEARCH_PATHS = (
					"$(SDKROOT)/Developer/Library/Frameworks",
					"$(inherited)",
				);
				INFOPLIST_FILE = KSKitDemoTests/Info.plist;
				LD_RUNPATH_SEARCH_PATHS = "$(inherited) @executable_path/Frameworks @loader_path/Frameworks";
				PRODUCT_NAME = "$(TARGET_NAME)";
				TEST_HOST = "$(BUILT_PRODUCTS_DIR)/KSKitDemo.app/KSKitDemo";
			};
			name = Release;
		};
/* End XCBuildConfiguration section */

/* Begin XCConfigurationList section */
		C41EFE8B1B513B5A0090A522 /* Build configuration list for PBXProject "KSKitDemo" */ = {
			isa = XCConfigurationList;
			buildConfigurations = (
				C41EFEB11B513B5B0090A522 /* Debug */,
				C41EFEB21B513B5B0090A522 /* Release */,
			);
			defaultConfigurationIsVisible = 0;
			defaultConfigurationName = Release;
		};
		C41EFEB31B513B5B0090A522 /* Build configuration list for PBXNativeTarget "KSKitDemo" */ = {
			isa = XCConfigurationList;
			buildConfigurations = (
				C41EFEB41B513B5B0090A522 /* Debug */,
				C41EFEB51B513B5B0090A522 /* Release */,
			);
			defaultConfigurationIsVisible = 0;
			defaultConfigurationName = Release;
		};
		C41EFEB61B513B5B0090A522 /* Build configuration list for PBXNativeTarget "KSKitDemoTests" */ = {
			isa = XCConfigurationList;
			buildConfigurations = (
				C41EFEB71B513B5B0090A522 /* Debug */,
				C41EFEB81B513B5B0090A522 /* Release */,
			);
			defaultConfigurationIsVisible = 0;
			defaultConfigurationName = Release;
		};
/* End XCConfigurationList section */
	};
	rootObject = C41EFE881B513B5A0090A522 /* Project object */;
}
